
Microsoft Visual Studio Solution File, Format Version 12.00
# Visual Studio Version 16
VisualStudioVersion = 16.0.29230.47
MinimumVisualStudioVersion = 10.0.40219.1
Project("{FAE04EC0-301F-11D3-BF4B-00C04F79EFBC}") = "Server", "MSMQconsole\Server.csproj", "{F71DE344-0A6C-43A6-A977-BAB4D05322F4}"
EndProject
Project("{FAE04EC0-301F-11D3-BF4B-00C04F79EFBC}") = "Client", "ConsoleApp1\Client.csproj", "{1450AFA6-BF2F-4A4D-95A2-AB4F0E1EC7FF}"
EndProject
Global
	GlobalSection(SolutionConfigurationPlatforms) = preSolution
		Debug|Any CPU = Debug|Any CPU
		Release|Any CPU = Release|Any CPU
	EndGlobalSection
	GlobalSection(ProjectConfigurationPlatforms) = postSolution
		{F71DE344-0A6C-43A6-A977-BAB4D05322F4}.Debug|Any CPU.ActiveCfg = Debug|Any CPU
		{F71DE344-0A6C-43A6-A977-BAB4D05322F4}.Debug|Any CPU.Build.0 = Debug|Any CPU
		{F71DE344-0A6C-43A6-A977-BAB4D05322F4}.Release|Any CPU.ActiveCfg = Release|Any CPU
		{F71DE344-0A6C-43A6-A977-BAB4D05322F4}.Release|Any CPU.Build.0 = Release|Any CPU
		{1450AFA6-BF2F-4A4D-95A2-AB4F0E1EC7FF}.Debug|Any CPU.ActiveCfg = Debug|Any CPU
		{1450AFA6-BF2F-4A4D-95A2-AB4F0E1EC7FF}.Debug|Any CPU.Build.0 = Debug|Any CPU
		{1450AFA6-BF2F-4A4D-95A2-AB4F0E1EC7FF}.Release|Any CPU.ActiveCfg = Release|Any CPU
		{1450AFA6-BF2F-4A4D-95A2-AB4F0E1EC7FF}.Release|Any CPU.Build.0 = Release|Any CPU
	EndGlobalSection
	GlobalSection(SolutionProperties) = preSolution
		HideSolutionNode = FALSE
	EndGlobalSection
	GlobalSection(ExtensibilityGlobals) = postSolution
		SolutionGuid = {F2C31F64-B6D7-4153-8F8A-2D820525AB36}
	EndGlobalSection
EndGlobal
